
Microsoft Visual Studio Solution File, Format Version 11.00
# Visual Studio 2010
Project("{2150E333-8FDC-42A3-9474-1A3956D46DE8}") = "ClientProjects", "ClientProjects", "{AD0CAFE2-9A8F-45D0-A152-49F174FFBC6F}"
EndProject
Project("{2150E333-8FDC-42A3-9474-1A3956D46DE8}") = "CommonProjects", "CommonProjects", "{840F97CE-A548-4188-9FA2-9DFE788790CA}"
EndProject
Project("{2150E333-8FDC-42A3-9474-1A3956D46DE8}") = "WorkerProjects", "WorkerProjects", "{DFCC43FF-E531-4AA6-A4F0-1E69BE834445}"
EndProject
Project("{FAE04EC0-301F-11D3-BF4B-00C04F79EFBC}") = "Commons", "Commons\Commons.csproj", "{08148AFA-E53D-4D42-8FCC-3AB6F74231AE}"
EndProject
Project("{2150E333-8FDC-42A3-9474-1A3956D46DE8}") = "TestProjects", "TestProjects", "{5B1F165E-E93E-475E-B8A1-17C2DD826596}"
EndProject
Project("{FAE04EC0-301F-11D3-BF4B-00C04F79EFBC}") = "Tigerite", "Tigerite\Tigerite.csproj", "{43FEFE01-9C23-420A-8EB2-EF040EAAEA33}"
EndProject
Project("{FAE04EC0-301F-11D3-BF4B-00C04F79EFBC}") = "SalesOrder", "SalesOrder\SalesOrder.csproj", "{D05062B8-C36D-43A3-924B-8F2F3459650A}"
EndProject
Project("{FAE04EC0-301F-11D3-BF4B-00C04F79EFBC}") = "GoodsDelivery", "GoodsDelivery\GoodsDelivery.csproj", "{7FE3539F-DC77-41B8-A8CC-77A3D1D0FA83}"
EndProject
Project("{FAE04EC0-301F-11D3-BF4B-00C04F79EFBC}") = "GoodsReceipt", "GoodsReceipt\GoodsReceipt.csproj", "{6DA5D73D-D233-445A-B889-BE0F4EE6D32A}"
EndProject
Project("{FAE04EC0-301F-11D3-BF4B-00C04F79EFBC}") = "Inventory", "Inventory\Inventory.csproj", "{D3314831-89DA-4C59-98A6-C716C7827B4C}"
EndProject
Project("{FAE04EC0-301F-11D3-BF4B-00C04F79EFBC}") = "Stock", "Stock\Stock.csproj", "{099AE5B2-EDCC-4E4C-897A-F23E4A2F2DA7}"
EndProject
Project("{FAE04EC0-301F-11D3-BF4B-00C04F79EFBC}") = "WarehouseOut", "WarehouseOut\WarehouseOut.csproj", "{7F1761CA-90BF-4624-9482-F17160359BD8}"
EndProject
Project("{FAE04EC0-301F-11D3-BF4B-00C04F79EFBC}") = "WarehouseTransfer", "WarehouseTransfer\WarehouseTransfer.csproj", "{5BE9CBE5-6E99-448A-9A5E-DA3C8D0DD416}"
EndProject
Project("{FAE04EC0-301F-11D3-BF4B-00C04F79EFBC}") = "WarehouseReplenishment", "WarehouseReplenishment\WarehouseReplenishment.csproj", "{44F292E5-27E3-4028-9FF6-6F79B2147548}"
EndProject
Project("{2150E333-8FDC-42A3-9474-1A3956D46DE8}") = "Sales", "Sales", "{765DA223-1A98-4EE3-976F-B1CAF24D54DF}"
EndProject
Project("{2150E333-8FDC-42A3-9474-1A3956D46DE8}") = "Promotion", "Promotion", "{44985027-6B7D-4931-B54D-896A3DEC4296}"
EndProject
Project("{FAE04EC0-301F-11D3-BF4B-00C04F79EFBC}") = "Promotion", "SalesPromotion\Promotion.csproj", "{962248C6-3729-446C-95CD-3AD6A1BFAA44}"
EndProject
Project("{FAE04EC0-301F-11D3-BF4B-00C04F79EFBC}") = "PreOrder", "PreOrder\PreOrder.csproj", "{6A9F8DC2-E1AF-41D6-A15F-EEC7FBDC2817}"
EndProject
Project("{FAE04EC0-301F-11D3-BF4B-00C04F79EFBC}") = "PreCollectionOrder", "PreCollectionOrder\PreCollectionOrder.csproj", "{6D414F57-23A0-4624-929B-3BBB2AA2F036}"
EndProject
Project("{FAE04EC0-301F-11D3-BF4B-00C04F79EFBC}") = "BackOrder", "BackOrder\BackOrder.csproj", "{909850C2-2818-49E0-B183-E3B9ABA8A855}"
EndProject
Project("{FAE04EC0-301F-11D3-BF4B-00C04F79EFBC}") = "PreRefundOrder", "PreRefundOrder\PreRefundOrder.csproj", "{925F19E0-04C5-47A0-9E79-B67BAB15554D}"
EndProject
Project("{FAE04EC0-301F-11D3-BF4B-00C04F79EFBC}") = "CollectionOrder", "CollectionOrder\CollectionOrder.csproj", "{63103F56-B709-415E-ADD1-F8113FC9B585}"
EndProject
Project("{FAE04EC0-301F-11D3-BF4B-00C04F79EFBC}") = "SalesOutWhsOrder", "SalesOutWhsOrder\SalesOutWhsOrder.csproj", "{A62D4622-D432-4A0C-81AE-D48CC2D1F494}"
EndProject
Project("{FAE04EC0-301F-11D3-BF4B-00C04F79EFBC}") = "ReturnOrder", "ReturnOrder\ReturnOrder.csproj", "{E317B261-3361-4F0F-87D4-86B95704F98C}"
EndProject
Project("{FAE04EC0-301F-11D3-BF4B-00C04F79EFBC}") = "RefundOrder", "RefundOrder\RefundOrder.csproj", "{88F264F5-54CF-4A4D-9B10-A47E10422B75}"
EndProject
Project("{FAE04EC0-301F-11D3-BF4B-00C04F79EFBC}") = "ReturnInWhsOrder", "ReturnInWhsOrder\ReturnInWhsOrder.csproj", "{4C4D04DF-86CC-41C6-9963-C8D198CF3155}"
EndProject
Project("{2150E333-8FDC-42A3-9474-1A3956D46DE8}") = "Stock", "Stock", "{84C82178-07BA-4130-89F6-922A39AEA41E}"
EndProject
Project("{FAE04EC0-301F-11D3-BF4B-00C04F79EFBC}") = "WarehouseIn", "WarehouseIn\WarehouseIn.csproj", "{A4222C42-5B74-4074-A713-A78A01C059AB}"
EndProject
Project("{2150E333-8FDC-42A3-9474-1A3956D46DE8}") = "Main", "Main", "{8C754AC4-8FCC-4EB0-9F8B-DDF28BD2131C}"
EndProject
Project("{2150E333-8FDC-42A3-9474-1A3956D46DE8}") = "Payment", "Payment", "{64C575ED-266F-4EBC-BC1A-BA67B9CB9449}"
EndProject
Project("{FAE04EC0-301F-11D3-BF4B-00C04F79EFBC}") = "Payment", "Payment\Payment.csproj", "{1FAD4145-16F0-4611-A09B-6F30B2C57702}"
EndProject
Project("{2150E333-8FDC-42A3-9474-1A3956D46DE8}") = "Member", "Member", "{E3B84C16-4175-438A-9356-DD608941CA65}"
EndProject
Project("{FAE04EC0-301F-11D3-BF4B-00C04F79EFBC}") = "Member", "Member\Member.csproj", "{6541CA32-BE8B-43FD-AE73-7181C26A44D8}"
EndProject
Project("{FAE04EC0-301F-11D3-BF4B-00C04F79EFBC}") = "NoahAdmin", "NoahAdmin\NoahAdmin.csproj", "{C224038C-EA4F-424D-938F-38627213D15A}"
EndProject
Project("{FAE04EC0-301F-11D3-BF4B-00C04F79EFBC}") = "PriceList", "PriceList\PriceList.csproj", "{92E120A1-7610-4DBF-BB71-89E240BCBB7D}"
EndProject
Project("{2150E333-8FDC-42A3-9474-1A3956D46DE8}") = "Print", "Print", "{440A4529-CDAE-4701-A89D-19FBD2F1037E}"
EndProject
Project("{FAE04EC0-301F-11D3-BF4B-00C04F79EFBC}") = "Print", "Print\Print.csproj", "{217CF51C-6F42-4277-A2A6-A57156A652D1}"
EndProject
Project("{FAE04EC0-301F-11D3-BF4B-00C04F79EFBC}") = "SyncList", "SyncList\SyncList.csproj", "{352D40A4-2D70-49D0-8756-0DEBAE33F59B}"
EndProject
Global
	GlobalSection(SubversionScc) = preSolution
		Svn-Managed = True
		Manager = AnkhSVN - Subversion Support for Visual Studio
	EndGlobalSection
	GlobalSection(SolutionConfigurationPlatforms) = preSolution
		Debug|Any CPU = Debug|Any CPU
		Debug|Mixed Platforms = Debug|Mixed Platforms
		Debug|x86 = Debug|x86
		Release|Any CPU = Release|Any CPU
		Release|Mixed Platforms = Release|Mixed Platforms
		Release|x86 = Release|x86
	EndGlobalSection
	GlobalSection(ProjectConfigurationPlatforms) = postSolution
		{08148AFA-E53D-4D42-8FCC-3AB6F74231AE}.Debug|Any CPU.ActiveCfg = Debug|Any CPU
		{08148AFA-E53D-4D42-8FCC-3AB6F74231AE}.Debug|Any CPU.Build.0 = Debug|Any CPU
		{08148AFA-E53D-4D42-8FCC-3AB6F74231AE}.Debug|Mixed Platforms.ActiveCfg = Debug|Any CPU
		{08148AFA-E53D-4D42-8FCC-3AB6F74231AE}.Debug|Mixed Platforms.Build.0 = Debug|Any CPU
		{08148AFA-E53D-4D42-8FCC-3AB6F74231AE}.Debug|x86.ActiveCfg = Debug|Any CPU
		{08148AFA-E53D-4D42-8FCC-3AB6F74231AE}.Release|Any CPU.ActiveCfg = Release|Any CPU
		{08148AFA-E53D-4D42-8FCC-3AB6F74231AE}.Release|Any CPU.Build.0 = Release|Any CPU
		{08148AFA-E53D-4D42-8FCC-3AB6F74231AE}.Release|Mixed Platforms.ActiveCfg = Release|Any CPU
		{08148AFA-E53D-4D42-8FCC-3AB6F74231AE}.Release|Mixed Platforms.Build.0 = Release|Any CPU
		{08148AFA-E53D-4D42-8FCC-3AB6F74231AE}.Release|x86.ActiveCfg = Release|Any CPU
		{43FEFE01-9C23-420A-8EB2-EF040EAAEA33}.Debug|Any CPU.ActiveCfg = Debug|Any CPU
		{43FEFE01-9C23-420A-8EB2-EF040EAAEA33}.Debug|Any CPU.Build.0 = Debug|Any CPU
		{43FEFE01-9C23-420A-8EB2-EF040EAAEA33}.Debug|Mixed Platforms.ActiveCfg = Debug|Any CPU
		{43FEFE01-9C23-420A-8EB2-EF040EAAEA33}.Debug|Mixed Platforms.Build.0 = Debug|Any CPU
		{43FEFE01-9C23-420A-8EB2-EF040EAAEA33}.Debug|x86.ActiveCfg = Debug|Any CPU
		{43FEFE01-9C23-420A-8EB2-EF040EAAEA33}.Release|Any CPU.ActiveCfg = Release|Any CPU
		{43FEFE01-9C23-420A-8EB2-EF040EAAEA33}.Release|Any CPU.Build.0 = Release|Any CPU
		{43FEFE01-9C23-420A-8EB2-EF040EAAEA33}.Release|Mixed Platforms.ActiveCfg = Release|Any CPU
		{43FEFE01-9C23-420A-8EB2-EF040EAAEA33}.Release|Mixed Platforms.Build.0 = Release|Any CPU
		{43FEFE01-9C23-420A-8EB2-EF040EAAEA33}.Release|x86.ActiveCfg = Release|Any CPU
		{D05062B8-C36D-43A3-924B-8F2F3459650A}.Debug|Any CPU.ActiveCfg = Debug|Any CPU
		{D05062B8-C36D-43A3-924B-8F2F3459650A}.Debug|Any CPU.Build.0 = Debug|Any CPU
		{D05062B8-C36D-43A3-924B-8F2F3459650A}.Debug|Mixed Platforms.ActiveCfg = Debug|Any CPU
		{D05062B8-C36D-43A3-924B-8F2F3459650A}.Debug|Mixed Platforms.Build.0 = Debug|Any CPU
		{D05062B8-C36D-43A3-924B-8F2F3459650A}.Debug|x86.ActiveCfg = Debug|Any CPU
		{D05062B8-C36D-43A3-924B-8F2F3459650A}.Release|Any CPU.ActiveCfg = Release|Any CPU
		{D05062B8-C36D-43A3-924B-8F2F3459650A}.Release|Any CPU.Build.0 = Release|Any CPU
		{D05062B8-C36D-43A3-924B-8F2F3459650A}.Release|Mixed Platforms.ActiveCfg = Release|Any CPU
		{D05062B8-C36D-43A3-924B-8F2F3459650A}.Release|Mixed Platforms.Build.0 = Release|Any CPU
		{D05062B8-C36D-43A3-924B-8F2F3459650A}.Release|x86.ActiveCfg = Release|Any CPU
		{7FE3539F-DC77-41B8-A8CC-77A3D1D0FA83}.Debug|Any CPU.ActiveCfg = Debug|Any CPU
		{7FE3539F-DC77-41B8-A8CC-77A3D1D0FA83}.Debug|Any CPU.Build.0 = Debug|Any CPU
		{7FE3539F-DC77-41B8-A8CC-77A3D1D0FA83}.Debug|Mixed Platforms.ActiveCfg = Debug|Any CPU
		{7FE3539F-DC77-41B8-A8CC-77A3D1D0FA83}.Debug|Mixed Platforms.Build.0 = Debug|Any CPU
		{7FE3539F-DC77-41B8-A8CC-77A3D1D0FA83}.Debug|x86.ActiveCfg = Debug|Any CPU
		{7FE3539F-DC77-41B8-A8CC-77A3D1D0FA83}.Release|Any CPU.ActiveCfg = Release|Any CPU
		{7FE3539F-DC77-41B8-A8CC-77A3D1D0FA83}.Release|Any CPU.Build.0 = Release|Any CPU
		{7FE3539F-DC77-41B8-A8CC-77A3D1D0FA83}.Release|Mixed Platforms.ActiveCfg = Release|Any CPU
		{7FE3539F-DC77-41B8-A8CC-77A3D1D0FA83}.Release|Mixed Platforms.Build.0 = Release|Any CPU
		{7FE3539F-DC77-41B8-A8CC-77A3D1D0FA83}.Release|x86.ActiveCfg = Release|Any CPU
		{6DA5D73D-D233-445A-B889-BE0F4EE6D32A}.Debug|Any CPU.ActiveCfg = Debug|Any CPU
		{6DA5D73D-D233-445A-B889-BE0F4EE6D32A}.Debug|Any CPU.Build.0 = Debug|Any CPU
		{6DA5D73D-D233-445A-B889-BE0F4EE6D32A}.Debug|Mixed Platforms.ActiveCfg = Debug|Any CPU
		{6DA5D73D-D233-445A-B889-BE0F4EE6D32A}.Debug|Mixed Platforms.Build.0 = Debug|Any CPU
		{6DA5D73D-D233-445A-B889-BE0F4EE6D32A}.Debug|x86.ActiveCfg = Debug|Any CPU
		{6DA5D73D-D233-445A-B889-BE0F4EE6D32A}.Release|Any CPU.ActiveCfg = Release|Any CPU
		{6DA5D73D-D233-445A-B889-BE0F4EE6D32A}.Release|Any CPU.Build.0 = Release|Any CPU
		{6DA5D73D-D233-445A-B889-BE0F4EE6D32A}.Release|Mixed Platforms.ActiveCfg = Release|Any CPU
		{6DA5D73D-D233-445A-B889-BE0F4EE6D32A}.Release|Mixed Platforms.Build.0 = Release|Any CPU
		{6DA5D73D-D233-445A-B889-BE0F4EE6D32A}.Release|x86.ActiveCfg = Release|Any CPU
		{D3314831-89DA-4C59-98A6-C716C7827B4C}.Debug|Any CPU.ActiveCfg = Debug|Any CPU
		{D3314831-89DA-4C59-98A6-C716C7827B4C}.Debug|Any CPU.Build.0 = Debug|Any CPU
		{D3314831-89DA-4C59-98A6-C716C7827B4C}.Debug|Mixed Platforms.ActiveCfg = Debug|Any CPU
		{D3314831-89DA-4C59-98A6-C716C7827B4C}.Debug|Mixed Platforms.Build.0 = Debug|Any CPU
		{D3314831-89DA-4C59-98A6-C716C7827B4C}.Debug|x86.ActiveCfg = Debug|Any CPU
		{D3314831-89DA-4C59-98A6-C716C7827B4C}.Release|Any CPU.ActiveCfg = Release|Any CPU
		{D3314831-89DA-4C59-98A6-C716C7827B4C}.Release|Any CPU.Build.0 = Release|Any CPU
		{D3314831-89DA-4C59-98A6-C716C7827B4C}.Release|Mixed Platforms.ActiveCfg = Release|Any CPU
		{D3314831-89DA-4C59-98A6-C716C7827B4C}.Release|Mixed Platforms.Build.0 = Release|Any CPU
		{D3314831-89DA-4C59-98A6-C716C7827B4C}.Release|x86.ActiveCfg = Release|Any CPU
		{099AE5B2-EDCC-4E4C-897A-F23E4A2F2DA7}.Debug|Any CPU.ActiveCfg = Debug|Any CPU
		{099AE5B2-EDCC-4E4C-897A-F23E4A2F2DA7}.Debug|Any CPU.Build.0 = Debug|Any CPU
		{099AE5B2-EDCC-4E4C-897A-F23E4A2F2DA7}.Debug|Mixed Platforms.ActiveCfg = Debug|Any CPU
		{099AE5B2-EDCC-4E4C-897A-F23E4A2F2DA7}.Debug|Mixed Platforms.Build.0 = Debug|Any CPU
		{099AE5B2-EDCC-4E4C-897A-F23E4A2F2DA7}.Debug|x86.ActiveCfg = Debug|Any CPU
		{099AE5B2-EDCC-4E4C-897A-F23E4A2F2DA7}.Release|Any CPU.ActiveCfg = Release|Any CPU
		{099AE5B2-EDCC-4E4C-897A-F23E4A2F2DA7}.Release|Any CPU.Build.0 = Release|Any CPU
		{099AE5B2-EDCC-4E4C-897A-F23E4A2F2DA7}.Release|Mixed Platforms.ActiveCfg = Release|Any CPU
		{099AE5B2-EDCC-4E4C-897A-F23E4A2F2DA7}.Release|Mixed Platforms.Build.0 = Release|Any CPU
		{099AE5B2-EDCC-4E4C-897A-F23E4A2F2DA7}.Release|x86.ActiveCfg = Release|Any CPU
		{7F1761CA-90BF-4624-9482-F17160359BD8}.Debug|Any CPU.ActiveCfg = Debug|Any CPU
		{7F1761CA-90BF-4624-9482-F17160359BD8}.Debug|Any CPU.Build.0 = Debug|Any CPU
		{7F1761CA-90BF-4624-9482-F17160359BD8}.Debug|Mixed Platforms.ActiveCfg = Debug|Any CPU
		{7F1761CA-90BF-4624-9482-F17160359BD8}.Debug|Mixed Platforms.Build.0 = Debug|Any CPU
		{7F1761CA-90BF-4624-9482-F17160359BD8}.Debug|x86.ActiveCfg = Debug|Any CPU
		{7F1761CA-90BF-4624-9482-F17160359BD8}.Release|Any CPU.ActiveCfg = Release|Any CPU
		{7F1761CA-90BF-4624-9482-F17160359BD8}.Release|Any CPU.Build.0 = Release|Any CPU
		{7F1761CA-90BF-4624-9482-F17160359BD8}.Release|Mixed Platforms.ActiveCfg = Release|Any CPU
		{7F1761CA-90BF-4624-9482-F17160359BD8}.Release|Mixed Platforms.Build.0 = Release|Any CPU
		{7F1761CA-90BF-4624-9482-F17160359BD8}.Release|x86.ActiveCfg = Release|Any CPU
		{5BE9CBE5-6E99-448A-9A5E-DA3C8D0DD416}.Debug|Any CPU.ActiveCfg = Debug|Any CPU
		{5BE9CBE5-6E99-448A-9A5E-DA3C8D0DD416}.Debug|Any CPU.Build.0 = Debug|Any CPU
		{5BE9CBE5-6E99-448A-9A5E-DA3C8D0DD416}.Debug|Mixed Platforms.ActiveCfg = Debug|Any CPU
		{5BE9CBE5-6E99-448A-9A5E-DA3C8D0DD416}.Debug|Mixed Platforms.Build.0 = Debug|Any CPU
		{5BE9CBE5-6E99-448A-9A5E-DA3C8D0DD416}.Debug|x86.ActiveCfg = Debug|Any CPU
		{5BE9CBE5-6E99-448A-9A5E-DA3C8D0DD416}.Release|Any CPU.ActiveCfg = Release|Any CPU
		{5BE9CBE5-6E99-448A-9A5E-DA3C8D0DD416}.Release|Any CPU.Build.0 = Release|Any CPU
		{5BE9CBE5-6E99-448A-9A5E-DA3C8D0DD416}.Release|Mixed Platforms.ActiveCfg = Release|Any CPU
		{5BE9CBE5-6E99-448A-9A5E-DA3C8D0DD416}.Release|Mixed Platforms.Build.0 = Release|Any CPU
		{5BE9CBE5-6E99-448A-9A5E-DA3C8D0DD416}.Release|x86.ActiveCfg = Release|Any CPU
		{44F292E5-27E3-4028-9FF6-6F79B2147548}.Debug|Any CPU.ActiveCfg = Debug|Any CPU
		{44F292E5-27E3-4028-9FF6-6F79B2147548}.Debug|Any CPU.Build.0 = Debug|Any CPU
		{44F292E5-27E3-4028-9FF6-6F79B2147548}.Debug|Mixed Platforms.ActiveCfg = Debug|Any CPU
		{44F292E5-27E3-4028-9FF6-6F79B2147548}.Debug|Mixed Platforms.Build.0 = Debug|Any CPU
		{44F292E5-27E3-4028-9FF6-6F79B2147548}.Debug|x86.ActiveCfg = Debug|Any CPU
		{44F292E5-27E3-4028-9FF6-6F79B2147548}.Release|Any CPU.ActiveCfg = Release|Any CPU
		{44F292E5-27E3-4028-9FF6-6F79B2147548}.Release|Any CPU.Build.0 = Release|Any CPU
		{44F292E5-27E3-4028-9FF6-6F79B2147548}.Release|Mixed Platforms.ActiveCfg = Release|Any CPU
		{44F292E5-27E3-4028-9FF6-6F79B2147548}.Release|Mixed Platforms.Build.0 = Release|Any CPU
		{44F292E5-27E3-4028-9FF6-6F79B2147548}.Release|x86.ActiveCfg = Release|Any CPU
		{962248C6-3729-446C-95CD-3AD6A1BFAA44}.Debug|Any CPU.ActiveCfg = Debug|Any CPU
		{962248C6-3729-446C-95CD-3AD6A1BFAA44}.Debug|Any CPU.Build.0 = Debug|Any CPU
		{962248C6-3729-446C-95CD-3AD6A1BFAA44}.Debug|Mixed Platforms.ActiveCfg = Debug|Any CPU
		{962248C6-3729-446C-95CD-3AD6A1BFAA44}.Debug|Mixed Platforms.Build.0 = Debug|Any CPU
		{962248C6-3729-446C-95CD-3AD6A1BFAA44}.Debug|x86.ActiveCfg = Debug|Any CPU
		{962248C6-3729-446C-95CD-3AD6A1BFAA44}.Release|Any CPU.ActiveCfg = Release|Any CPU
		{962248C6-3729-446C-95CD-3AD6A1BFAA44}.Release|Any CPU.Build.0 = Release|Any CPU
		{962248C6-3729-446C-95CD-3AD6A1BFAA44}.Release|Mixed Platforms.ActiveCfg = Release|Any CPU
		{962248C6-3729-446C-95CD-3AD6A1BFAA44}.Release|Mixed Platforms.Build.0 = Release|Any CPU
		{962248C6-3729-446C-95CD-3AD6A1BFAA44}.Release|x86.ActiveCfg = Release|Any CPU
		{6A9F8DC2-E1AF-41D6-A15F-EEC7FBDC2817}.Debug|Any CPU.ActiveCfg = Debug|Any CPU
		{6A9F8DC2-E1AF-41D6-A15F-EEC7FBDC2817}.Debug|Any CPU.Build.0 = Debug|Any CPU
		{6A9F8DC2-E1AF-41D6-A15F-EEC7FBDC2817}.Debug|Mixed Platforms.ActiveCfg = Debug|Any CPU
		{6A9F8DC2-E1AF-41D6-A15F-EEC7FBDC2817}.Debug|Mixed Platforms.Build.0 = Debug|Any CPU
		{6A9F8DC2-E1AF-41D6-A15F-EEC7FBDC2817}.Debug|x86.ActiveCfg = Debug|Any CPU
		{6A9F8DC2-E1AF-41D6-A15F-EEC7FBDC2817}.Release|Any CPU.ActiveCfg = Release|Any CPU
		{6A9F8DC2-E1AF-41D6-A15F-EEC7FBDC2817}.Release|Any CPU.Build.0 = Release|Any CPU
		{6A9F8DC2-E1AF-41D6-A15F-EEC7FBDC2817}.Release|Mixed Platforms.ActiveCfg = Release|Any CPU
		{6A9F8DC2-E1AF-41D6-A15F-EEC7FBDC2817}.Release|Mixed Platforms.Build.0 = Release|Any CPU
		{6A9F8DC2-E1AF-41D6-A15F-EEC7FBDC2817}.Release|x86.ActiveCfg = Release|Any CPU
		{6D414F57-23A0-4624-929B-3BBB2AA2F036}.Debug|Any CPU.ActiveCfg = Debug|Any CPU
		{6D414F57-23A0-4624-929B-3BBB2AA2F036}.Debug|Any CPU.Build.0 = Debug|Any CPU
		{6D414F57-23A0-4624-929B-3BBB2AA2F036}.Debug|Mixed Platforms.ActiveCfg = Debug|Any CPU
		{6D414F57-23A0-4624-929B-3BBB2AA2F036}.Debug|Mixed Platforms.Build.0 = Debug|Any CPU
		{6D414F57-23A0-4624-929B-3BBB2AA2F036}.Debug|x86.ActiveCfg = Debug|Any CPU
		{6D414F57-23A0-4624-929B-3BBB2AA2F036}.Release|Any CPU.ActiveCfg = Release|Any CPU
		{6D414F57-23A0-4624-929B-3BBB2AA2F036}.Release|Any CPU.Build.0 = Release|Any CPU
		{6D414F57-23A0-4624-929B-3BBB2AA2F036}.Release|Mixed Platforms.ActiveCfg = Release|Any CPU
		{6D414F57-23A0-4624-929B-3BBB2AA2F036}.Release|Mixed Platforms.Build.0 = Release|Any CPU
		{6D414F57-23A0-4624-929B-3BBB2AA2F036}.Release|x86.ActiveCfg = Release|Any CPU
		{909850C2-2818-49E0-B183-E3B9ABA8A855}.Debug|Any CPU.ActiveCfg = Debug|Any CPU
		{909850C2-2818-49E0-B183-E3B9ABA8A855}.Debug|Any CPU.Build.0 = Debug|Any CPU
		{909850C2-2818-49E0-B183-E3B9ABA8A855}.Debug|Mixed Platforms.ActiveCfg = Debug|Any CPU
		{909850C2-2818-49E0-B183-E3B9ABA8A855}.Debug|Mixed Platforms.Build.0 = Debug|Any CPU
		{909850C2-2818-49E0-B183-E3B9ABA8A855}.Debug|x86.ActiveCfg = Debug|Any CPU
		{909850C2-2818-49E0-B183-E3B9ABA8A855}.Release|Any CPU.ActiveCfg = Release|Any CPU
		{909850C2-2818-49E0-B183-E3B9ABA8A855}.Release|Any CPU.Build.0 = Release|Any CPU
		{909850C2-2818-49E0-B183-E3B9ABA8A855}.Release|Mixed Platforms.ActiveCfg = Release|Any CPU
		{909850C2-2818-49E0-B183-E3B9ABA8A855}.Release|Mixed Platforms.Build.0 = Release|Any CPU
		{909850C2-2818-49E0-B183-E3B9ABA8A855}.Release|x86.ActiveCfg = Release|Any CPU
		{925F19E0-04C5-47A0-9E79-B67BAB15554D}.Debug|Any CPU.ActiveCfg = Debug|Any CPU
		{925F19E0-04C5-47A0-9E79-B67BAB15554D}.Debug|Any CPU.Build.0 = Debug|Any CPU
		{925F19E0-04C5-47A0-9E79-B67BAB15554D}.Debug|Mixed Platforms.ActiveCfg = Debug|Any CPU
		{925F19E0-04C5-47A0-9E79-B67BAB15554D}.Debug|Mixed Platforms.Build.0 = Debug|Any CPU
		{925F19E0-04C5-47A0-9E79-B67BAB15554D}.Debug|x86.ActiveCfg = Debug|Any CPU
		{925F19E0-04C5-47A0-9E79-B67BAB15554D}.Release|Any CPU.ActiveCfg = Release|Any CPU
		{925F19E0-04C5-47A0-9E79-B67BAB15554D}.Release|Any CPU.Build.0 = Release|Any CPU
		{925F19E0-04C5-47A0-9E79-B67BAB15554D}.Release|Mixed Platforms.ActiveCfg = Release|Any CPU
		{925F19E0-04C5-47A0-9E79-B67BAB15554D}.Release|Mixed Platforms.Build.0 = Release|Any CPU
		{925F19E0-04C5-47A0-9E79-B67BAB15554D}.Release|x86.ActiveCfg = Release|Any CPU
		{63103F56-B709-415E-ADD1-F8113FC9B585}.Debug|Any CPU.ActiveCfg = Debug|Any CPU
		{63103F56-B709-415E-ADD1-F8113FC9B585}.Debug|Any CPU.Build.0 = Debug|Any CPU
		{63103F56-B709-415E-ADD1-F8113FC9B585}.Debug|Mixed Platforms.ActiveCfg = Debug|Any CPU
		{63103F56-B709-415E-ADD1-F8113FC9B585}.Debug|Mixed Platforms.Build.0 = Debug|Any CPU
		{63103F56-B709-415E-ADD1-F8113FC9B585}.Debug|x86.ActiveCfg = Debug|Any CPU
		{63103F56-B709-415E-ADD1-F8113FC9B585}.Release|Any CPU.ActiveCfg = Release|Any CPU
		{63103F56-B709-415E-ADD1-F8113FC9B585}.Release|Any CPU.Build.0 = Release|Any CPU
		{63103F56-B709-415E-ADD1-F8113FC9B585}.Release|Mixed Platforms.ActiveCfg = Release|Any CPU
		{63103F56-B709-415E-ADD1-F8113FC9B585}.Release|Mixed Platforms.Build.0 = Release|Any CPU
		{63103F56-B709-415E-ADD1-F8113FC9B585}.Release|x86.ActiveCfg = Release|Any CPU
		{A62D4622-D432-4A0C-81AE-D48CC2D1F494}.Debug|Any CPU.ActiveCfg = Debug|Any CPU
		{A62D4622-D432-4A0C-81AE-D48CC2D1F494}.Debug|Any CPU.Build.0 = Debug|Any CPU
		{A62D4622-D432-4A0C-81AE-D48CC2D1F494}.Debug|Mixed Platforms.ActiveCfg = Debug|Any CPU
		{A62D4622-D432-4A0C-81AE-D48CC2D1F494}.Debug|Mixed Platforms.Build.0 = Debug|Any CPU
		{A62D4622-D432-4A0C-81AE-D48CC2D1F494}.Debug|x86.ActiveCfg = Debug|Any CPU
		{A62D4622-D432-4A0C-81AE-D48CC2D1F494}.Release|Any CPU.ActiveCfg = Release|Any CPU
		{A62D4622-D432-4A0C-81AE-D48CC2D1F494}.Release|Any CPU.Build.0 = Release|Any CPU
		{A62D4622-D432-4A0C-81AE-D48CC2D1F494}.Release|Mixed Platforms.ActiveCfg = Release|Any CPU
		{A62D4622-D432-4A0C-81AE-D48CC2D1F494}.Release|Mixed Platforms.Build.0 = Release|Any CPU
		{A62D4622-D432-4A0C-81AE-D48CC2D1F494}.Release|x86.ActiveCfg = Release|Any CPU
		{E317B261-3361-4F0F-87D4-86B95704F98C}.Debug|Any CPU.ActiveCfg = Debug|Any CPU
		{E317B261-3361-4F0F-87D4-86B95704F98C}.Debug|Any CPU.Build.0 = Debug|Any CPU
		{E317B261-3361-4F0F-87D4-86B95704F98C}.Debug|Mixed Platforms.ActiveCfg = Debug|Any CPU
		{E317B261-3361-4F0F-87D4-86B95704F98C}.Debug|Mixed Platforms.Build.0 = Debug|Any CPU
		{E317B261-3361-4F0F-87D4-86B95704F98C}.Debug|x86.ActiveCfg = Debug|Any CPU
		{E317B261-3361-4F0F-87D4-86B95704F98C}.Release|Any CPU.ActiveCfg = Release|Any CPU
		{E317B261-3361-4F0F-87D4-86B95704F98C}.Release|Any CPU.Build.0 = Release|Any CPU
		{E317B261-3361-4F0F-87D4-86B95704F98C}.Release|Mixed Platforms.ActiveCfg = Release|Any CPU
		{E317B261-3361-4F0F-87D4-86B95704F98C}.Release|Mixed Platforms.Build.0 = Release|Any CPU
		{E317B261-3361-4F0F-87D4-86B95704F98C}.Release|x86.ActiveCfg = Release|Any CPU
		{88F264F5-54CF-4A4D-9B10-A47E10422B75}.Debug|Any CPU.ActiveCfg = Debug|Any CPU
		{88F264F5-54CF-4A4D-9B10-A47E10422B75}.Debug|Any CPU.Build.0 = Debug|Any CPU
		{88F264F5-54CF-4A4D-9B10-A47E10422B75}.Debug|Mixed Platforms.ActiveCfg = Debug|Any CPU
		{88F264F5-54CF-4A4D-9B10-A47E10422B75}.Debug|Mixed Platforms.Build.0 = Debug|Any CPU
		{88F264F5-54CF-4A4D-9B10-A47E10422B75}.Debug|x86.ActiveCfg = Debug|Any CPU
		{88F264F5-54CF-4A4D-9B10-A47E10422B75}.Release|Any CPU.ActiveCfg = Release|Any CPU
		{88F264F5-54CF-4A4D-9B10-A47E10422B75}.Release|Any CPU.Build.0 = Release|Any CPU
		{88F264F5-54CF-4A4D-9B10-A47E10422B75}.Release|Mixed Platforms.ActiveCfg = Release|Any CPU
		{88F264F5-54CF-4A4D-9B10-A47E10422B75}.Release|Mixed Platforms.Build.0 = Release|Any CPU
		{88F264F5-54CF-4A4D-9B10-A47E10422B75}.Release|x86.ActiveCfg = Release|Any CPU
		{4C4D04DF-86CC-41C6-9963-C8D198CF3155}.Debug|Any CPU.ActiveCfg = Debug|Any CPU
		{4C4D04DF-86CC-41C6-9963-C8D198CF3155}.Debug|Any CPU.Build.0 = Debug|Any CPU
		{4C4D04DF-86CC-41C6-9963-C8D198CF3155}.Debug|Mixed Platforms.ActiveCfg = Debug|Any CPU
		{4C4D04DF-86CC-41C6-9963-C8D198CF3155}.Debug|Mixed Platforms.Build.0 = Debug|Any CPU
		{4C4D04DF-86CC-41C6-9963-C8D198CF3155}.Debug|x86.ActiveCfg = Debug|Any CPU
		{4C4D04DF-86CC-41C6-9963-C8D198CF3155}.Release|Any CPU.ActiveCfg = Release|Any CPU
		{4C4D04DF-86CC-41C6-9963-C8D198CF3155}.Release|Any CPU.Build.0 = Release|Any CPU
		{4C4D04DF-86CC-41C6-9963-C8D198CF3155}.Release|Mixed Platforms.ActiveCfg = Release|Any CPU
		{4C4D04DF-86CC-41C6-9963-C8D198CF3155}.Release|Mixed Platforms.Build.0 = Release|Any CPU
		{4C4D04DF-86CC-41C6-9963-C8D198CF3155}.Release|x86.ActiveCfg = Release|Any CPU
		{A4222C42-5B74-4074-A713-A78A01C059AB}.Debug|Any CPU.ActiveCfg = Debug|Any CPU
		{A4222C42-5B74-4074-A713-A78A01C059AB}.Debug|Any CPU.Build.0 = Debug|Any CPU
		{A4222C42-5B74-4074-A713-A78A01C059AB}.Debug|Mixed Platforms.ActiveCfg = Debug|Any CPU
		{A4222C42-5B74-4074-A713-A78A01C059AB}.Debug|Mixed Platforms.Build.0 = Debug|Any CPU
		{A4222C42-5B74-4074-A713-A78A01C059AB}.Debug|x86.ActiveCfg = Debug|Any CPU
		{A4222C42-5B74-4074-A713-A78A01C059AB}.Release|Any CPU.ActiveCfg = Release|Any CPU
		{A4222C42-5B74-4074-A713-A78A01C059AB}.Release|Any CPU.Build.0 = Release|Any CPU
		{A4222C42-5B74-4074-A713-A78A01C059AB}.Release|Mixed Platforms.ActiveCfg = Release|Any CPU
		{A4222C42-5B74-4074-A713-A78A01C059AB}.Release|Mixed Platforms.Build.0 = Release|Any CPU
		{A4222C42-5B74-4074-A713-A78A01C059AB}.Release|x86.ActiveCfg = Release|Any CPU
		{1FAD4145-16F0-4611-A09B-6F30B2C57702}.Debug|Any CPU.ActiveCfg = Debug|Any CPU
		{1FAD4145-16F0-4611-A09B-6F30B2C57702}.Debug|Any CPU.Build.0 = Debug|Any CPU
		{1FAD4145-16F0-4611-A09B-6F30B2C57702}.Debug|Mixed Platforms.ActiveCfg = Debug|Any CPU
		{1FAD4145-16F0-4611-A09B-6F30B2C57702}.Debug|Mixed Platforms.Build.0 = Debug|Any CPU
		{1FAD4145-16F0-4611-A09B-6F30B2C57702}.Debug|x86.ActiveCfg = Debug|Any CPU
		{1FAD4145-16F0-4611-A09B-6F30B2C57702}.Release|Any CPU.ActiveCfg = Release|Any CPU
		{1FAD4145-16F0-4611-A09B-6F30B2C57702}.Release|Any CPU.Build.0 = Release|Any CPU
		{1FAD4145-16F0-4611-A09B-6F30B2C57702}.Release|Mixed Platforms.ActiveCfg = Release|Any CPU
		{1FAD4145-16F0-4611-A09B-6F30B2C57702}.Release|Mixed Platforms.Build.0 = Release|Any CPU
		{1FAD4145-16F0-4611-A09B-6F30B2C57702}.Release|x86.ActiveCfg = Release|Any CPU
		{6541CA32-BE8B-43FD-AE73-7181C26A44D8}.Debug|Any CPU.ActiveCfg = Debug|Any CPU
		{6541CA32-BE8B-43FD-AE73-7181C26A44D8}.Debug|Any CPU.Build.0 = Debug|Any CPU
		{6541CA32-BE8B-43FD-AE73-7181C26A44D8}.Debug|Mixed Platforms.ActiveCfg = Debug|Any CPU
		{6541CA32-BE8B-43FD-AE73-7181C26A44D8}.Debug|Mixed Platforms.Build.0 = Debug|Any CPU
		{6541CA32-BE8B-43FD-AE73-7181C26A44D8}.Debug|x86.ActiveCfg = Debug|Any CPU
		{6541CA32-BE8B-43FD-AE73-7181C26A44D8}.Release|Any CPU.ActiveCfg = Release|Any CPU
		{6541CA32-BE8B-43FD-AE73-7181C26A44D8}.Release|Any CPU.Build.0 = Release|Any CPU
		{6541CA32-BE8B-43FD-AE73-7181C26A44D8}.Release|Mixed Platforms.ActiveCfg = Release|Any CPU
		{6541CA32-BE8B-43FD-AE73-7181C26A44D8}.Release|Mixed Platforms.Build.0 = Release|Any CPU
		{6541CA32-BE8B-43FD-AE73-7181C26A44D8}.Release|x86.ActiveCfg = Release|Any CPU
		{C224038C-EA4F-424D-938F-38627213D15A}.Debug|Any CPU.ActiveCfg = Debug|Any CPU
		{C224038C-EA4F-424D-938F-38627213D15A}.Debug|Any CPU.Build.0 = Debug|Any CPU
		{C224038C-EA4F-424D-938F-38627213D15A}.Debug|Mixed Platforms.ActiveCfg = Debug|Any CPU
		{C224038C-EA4F-424D-938F-38627213D15A}.Debug|Mixed Platforms.Build.0 = Debug|Any CPU
		{C224038C-EA4F-424D-938F-38627213D15A}.Debug|x86.ActiveCfg = Debug|Any CPU
		{C224038C-EA4F-424D-938F-38627213D15A}.Release|Any CPU.ActiveCfg = Release|Any CPU
		{C224038C-EA4F-424D-938F-38627213D15A}.Release|Any CPU.Build.0 = Release|Any CPU
		{C224038C-EA4F-424D-938F-38627213D15A}.Release|Mixed Platforms.ActiveCfg = Release|Any CPU
		{C224038C-EA4F-424D-938F-38627213D15A}.Release|Mixed Platforms.Build.0 = Release|Any CPU
		{C224038C-EA4F-424D-938F-38627213D15A}.Release|x86.ActiveCfg = Release|Any CPU
		{92E120A1-7610-4DBF-BB71-89E240BCBB7D}.Debug|Any CPU.ActiveCfg = Debug|Any CPU
		{92E120A1-7610-4DBF-BB71-89E240BCBB7D}.Debug|Any CPU.Build.0 = Debug|Any CPU
		{92E120A1-7610-4DBF-BB71-89E240BCBB7D}.Debug|Mixed Platforms.ActiveCfg = Debug|Any CPU
		{92E120A1-7610-4DBF-BB71-89E240BCBB7D}.Debug|Mixed Platforms.Build.0 = Debug|Any CPU
		{92E120A1-7610-4DBF-BB71-89E240BCBB7D}.Debug|x86.ActiveCfg = Debug|Any CPU
		{92E120A1-7610-4DBF-BB71-89E240BCBB7D}.Release|Any CPU.ActiveCfg = Release|Any CPU
		{92E120A1-7610-4DBF-BB71-89E240BCBB7D}.Release|Any CPU.Build.0 = Release|Any CPU
		{92E120A1-7610-4DBF-BB71-89E240BCBB7D}.Release|Mixed Platforms.ActiveCfg = Release|Any CPU
		{92E120A1-7610-4DBF-BB71-89E240BCBB7D}.Release|Mixed Platforms.Build.0 = Release|Any CPU
		{92E120A1-7610-4DBF-BB71-89E240BCBB7D}.Release|x86.ActiveCfg = Release|Any CPU
		{217CF51C-6F42-4277-A2A6-A57156A652D1}.Debug|Any CPU.ActiveCfg = Debug|Any CPU
		{217CF51C-6F42-4277-A2A6-A57156A652D1}.Debug|Any CPU.Build.0 = Debug|Any CPU
		{217CF51C-6F42-4277-A2A6-A57156A652D1}.Debug|Mixed Platforms.ActiveCfg = Debug|Any CPU
		{217CF51C-6F42-4277-A2A6-A57156A652D1}.Debug|Mixed Platforms.Build.0 = Debug|Any CPU
		{217CF51C-6F42-4277-A2A6-A57156A652D1}.Debug|x86.ActiveCfg = Debug|Any CPU
		{217CF51C-6F42-4277-A2A6-A57156A652D1}.Release|Any CPU.ActiveCfg = Release|Any CPU
		{217CF51C-6F42-4277-A2A6-A57156A652D1}.Release|Any CPU.Build.0 = Release|Any CPU
		{217CF51C-6F42-4277-A2A6-A57156A652D1}.Release|Mixed Platforms.ActiveCfg = Release|Any CPU
		{217CF51C-6F42-4277-A2A6-A57156A652D1}.Release|Mixed Platforms.Build.0 = Release|Any CPU
		{217CF51C-6F42-4277-A2A6-A57156A652D1}.Release|x86.ActiveCfg = Release|Any CPU
		{352D40A4-2D70-49D0-8756-0DEBAE33F59B}.Debug|Any CPU.ActiveCfg = Debug|Any CPU
		{352D40A4-2D70-49D0-8756-0DEBAE33F59B}.Debug|Any CPU.Build.0 = Debug|Any CPU
		{352D40A4-2D70-49D0-8756-0DEBAE33F59B}.Debug|Mixed Platforms.ActiveCfg = Debug|Any CPU
		{352D40A4-2D70-49D0-8756-0DEBAE33F59B}.Debug|Mixed Platforms.Build.0 = Debug|Any CPU
		{352D40A4-2D70-49D0-8756-0DEBAE33F59B}.Debug|x86.ActiveCfg = Debug|Any CPU
		{352D40A4-2D70-49D0-8756-0DEBAE33F59B}.Release|Any CPU.ActiveCfg = Release|Any CPU
		{352D40A4-2D70-49D0-8756-0DEBAE33F59B}.Release|Any CPU.Build.0 = Release|Any CPU
		{352D40A4-2D70-49D0-8756-0DEBAE33F59B}.Release|Mixed Platforms.ActiveCfg = Release|Any CPU
		{352D40A4-2D70-49D0-8756-0DEBAE33F59B}.Release|Mixed Platforms.Build.0 = Release|Any CPU
		{352D40A4-2D70-49D0-8756-0DEBAE33F59B}.Release|x86.ActiveCfg = Release|Any CPU
	EndGlobalSection
	GlobalSection(SolutionProperties) = preSolution
		HideSolutionNode = FALSE
	EndGlobalSection
	GlobalSection(NestedProjects) = preSolution
		{8C754AC4-8FCC-4EB0-9F8B-DDF28BD2131C} = {AD0CAFE2-9A8F-45D0-A152-49F174FFBC6F}
		{765DA223-1A98-4EE3-976F-B1CAF24D54DF} = {AD0CAFE2-9A8F-45D0-A152-49F174FFBC6F}
		{84C82178-07BA-4130-89F6-922A39AEA41E} = {AD0CAFE2-9A8F-45D0-A152-49F174FFBC6F}
		{44985027-6B7D-4931-B54D-896A3DEC4296} = {AD0CAFE2-9A8F-45D0-A152-49F174FFBC6F}
		{64C575ED-266F-4EBC-BC1A-BA67B9CB9449} = {AD0CAFE2-9A8F-45D0-A152-49F174FFBC6F}
		{E3B84C16-4175-438A-9356-DD608941CA65} = {AD0CAFE2-9A8F-45D0-A152-49F174FFBC6F}
		{C224038C-EA4F-424D-938F-38627213D15A} = {AD0CAFE2-9A8F-45D0-A152-49F174FFBC6F}
		{440A4529-CDAE-4701-A89D-19FBD2F1037E} = {AD0CAFE2-9A8F-45D0-A152-49F174FFBC6F}
		{08148AFA-E53D-4D42-8FCC-3AB6F74231AE} = {840F97CE-A548-4188-9FA2-9DFE788790CA}
		{43FEFE01-9C23-420A-8EB2-EF040EAAEA33} = {8C754AC4-8FCC-4EB0-9F8B-DDF28BD2131C}
		{352D40A4-2D70-49D0-8756-0DEBAE33F59B} = {8C754AC4-8FCC-4EB0-9F8B-DDF28BD2131C}
		{D05062B8-C36D-43A3-924B-8F2F3459650A} = {765DA223-1A98-4EE3-976F-B1CAF24D54DF}
		{6A9F8DC2-E1AF-41D6-A15F-EEC7FBDC2817} = {765DA223-1A98-4EE3-976F-B1CAF24D54DF}
		{6D414F57-23A0-4624-929B-3BBB2AA2F036} = {765DA223-1A98-4EE3-976F-B1CAF24D54DF}
		{909850C2-2818-49E0-B183-E3B9ABA8A855} = {765DA223-1A98-4EE3-976F-B1CAF24D54DF}
		{925F19E0-04C5-47A0-9E79-B67BAB15554D} = {765DA223-1A98-4EE3-976F-B1CAF24D54DF}
		{63103F56-B709-415E-ADD1-F8113FC9B585} = {765DA223-1A98-4EE3-976F-B1CAF24D54DF}
		{A62D4622-D432-4A0C-81AE-D48CC2D1F494} = {765DA223-1A98-4EE3-976F-B1CAF24D54DF}
		{E317B261-3361-4F0F-87D4-86B95704F98C} = {765DA223-1A98-4EE3-976F-B1CAF24D54DF}
		{88F264F5-54CF-4A4D-9B10-A47E10422B75} = {765DA223-1A98-4EE3-976F-B1CAF24D54DF}
		{4C4D04DF-86CC-41C6-9963-C8D198CF3155} = {765DA223-1A98-4EE3-976F-B1CAF24D54DF}
		{92E120A1-7610-4DBF-BB71-89E240BCBB7D} = {765DA223-1A98-4EE3-976F-B1CAF24D54DF}
		{6DA5D73D-D233-445A-B889-BE0F4EE6D32A} = {84C82178-07BA-4130-89F6-922A39AEA41E}
		{D3314831-89DA-4C59-98A6-C716C7827B4C} = {84C82178-07BA-4130-89F6-922A39AEA41E}
		{099AE5B2-EDCC-4E4C-897A-F23E4A2F2DA7} = {84C82178-07BA-4130-89F6-922A39AEA41E}
		{7F1761CA-90BF-4624-9482-F17160359BD8} = {84C82178-07BA-4130-89F6-922A39AEA41E}
		{5BE9CBE5-6E99-448A-9A5E-DA3C8D0DD416} = {84C82178-07BA-4130-89F6-922A39AEA41E}
		{44F292E5-27E3-4028-9FF6-6F79B2147548} = {84C82178-07BA-4130-89F6-922A39AEA41E}
		{7FE3539F-DC77-41B8-A8CC-77A3D1D0FA83} = {84C82178-07BA-4130-89F6-922A39AEA41E}
		{A4222C42-5B74-4074-A713-A78A01C059AB} = {84C82178-07BA-4130-89F6-922A39AEA41E}
		{962248C6-3729-446C-95CD-3AD6A1BFAA44} = {44985027-6B7D-4931-B54D-896A3DEC4296}
		{1FAD4145-16F0-4611-A09B-6F30B2C57702} = {64C575ED-266F-4EBC-BC1A-BA67B9CB9449}
		{6541CA32-BE8B-43FD-AE73-7181C26A44D8} = {E3B84C16-4175-438A-9356-DD608941CA65}
		{217CF51C-6F42-4277-A2A6-A57156A652D1} = {440A4529-CDAE-4701-A89D-19FBD2F1037E}
	EndGlobalSection
EndGlobal
